
Microsoft Visual Studio Solution File, Format Version 12.00
# Visual Studio Version 17
VisualStudioVersion = 17.10.35027.167
MinimumVisualStudioVersion = 10.0.40219.1
Project("{2150E333-8FDC-42A3-9474-1A3956D46DE8}") = "Sources", "Sources", "{353B1ADB-4A21-4554-9564-3619617350C3}"
EndProject
Project("{2150E333-8FDC-42A3-9474-1A3956D46DE8}") = "Tests", "Tests", "{5904B53D-838F-4CAA-B226-0023AE452317}"
EndProject
Project("{2150E333-8FDC-42A3-9474-1A3956D46DE8}") = "Documents", "Documents", "{4F837805-AC2F-4846-A4A1-512DEAC84B21}"
EndProject
Project("{2150E333-8FDC-42A3-9474-1A3956D46DE8}") = "SolutionItems", "SolutionItems", "{30485D2F-0294-43B1-A637-58C77D344BE6}"
EndProject
Project("{9A19103F-16F7-4668-BE54-9A1E7A4F7556}") = "BeautyLand.Domain", "BeautyLand.Domain\BeautyLand.Domain.csproj", "{E999EF70-5765-41D4-B1B8-AFEEF71782EF}"
EndProject
Project("{9A19103F-16F7-4668-BE54-9A1E7A4F7556}") = "BeautyLand.Application", "BeautyLand.Application\BeautyLand.Application.csproj", "{189D1488-A070-4845-9FC9-215A0EEC8281}"
EndProject
Project("{2150E333-8FDC-42A3-9474-1A3956D46DE8}") = "Application", "Application", "{E17630B3-7889-4DDC-B928-73C0C6208885}"
EndProject
Project("{2150E333-8FDC-42A3-9474-1A3956D46DE8}") = "Domain", "Domain", "{CA24144A-2250-4FFC-BBC2-7B70A736E677}"
EndProject
Project("{2150E333-8FDC-42A3-9474-1A3956D46DE8}") = "Presentation", "Presentation", "{6112288A-CF41-4BDB-8E4F-88D8E693FB60}"
EndProject
Project("{2150E333-8FDC-42A3-9474-1A3956D46DE8}") = "Infrastructure", "Infrastructure", "{A0EEB5C1-1613-4B7C-8B0A-11E6FDBF8877}"
EndProject
Project("{2150E333-8FDC-42A3-9474-1A3956D46DE8}") = "Persistence", "Persistence", "{AD110541-F96C-42A7-A6B0-C9F0AD901E92}"
EndProject
Project("{9A19103F-16F7-4668-BE54-9A1E7A4F7556}") = "BeautyLand.Infrastructure", "BeautyLand.Infrastructure\BeautyLand.Infrastructure.csproj", "{A48AD3BF-2AF1-47B9-A3B0-67BD2FDBAC9C}"
EndProject
Project("{9A19103F-16F7-4668-BE54-9A1E7A4F7556}") = "BeautyLand.Persistence", "BeautyLand.Persistence\BeautyLand.Persistence.csproj", "{65DA5D83-2058-43B2-AA91-A8736A890D83}"
EndProject
Project("{9A19103F-16F7-4668-BE54-9A1E7A4F7556}") = "BeautyLand.AdministratorEndPoint", "BeautyLand.SiteEndPoint\BeautyLand.AdministratorEndPoint.csproj", "{2E0C8F47-0C1E-4D53-8743-D4F9940C840B}"
EndProject
Project("{2150E333-8FDC-42A3-9474-1A3956D46DE8}") = "Subscription", "Subscription", "{6BC104E6-2D37-421D-BDC1-56ABB1981D99}"
EndProject
Project("{9A19103F-16F7-4668-BE54-9A1E7A4F7556}") = "BeautyLand.Subscription", "BeautyLand.Subscription\BeautyLand.Subscription.csproj", "{0480EB00-4B80-4AF6-9E97-709ADA65CCDF}"
EndProject
Global
	GlobalSection(SolutionConfigurationPlatforms) = preSolution
		Debug|Any CPU = Debug|Any CPU
		Release|Any CPU = Release|Any CPU
	EndGlobalSection
	GlobalSection(ProjectConfigurationPlatforms) = postSolution
		{E999EF70-5765-41D4-B1B8-AFEEF71782EF}.Debug|Any CPU.ActiveCfg = Debug|Any CPU
		{E999EF70-5765-41D4-B1B8-AFEEF71782EF}.Debug|Any CPU.Build.0 = Debug|Any CPU
		{E999EF70-5765-41D4-B1B8-AFEEF71782EF}.Release|Any CPU.ActiveCfg = Release|Any CPU
		{E999EF70-5765-41D4-B1B8-AFEEF71782EF}.Release|Any CPU.Build.0 = Release|Any CPU
		{189D1488-A070-4845-9FC9-215A0EEC8281}.Debug|Any CPU.ActiveCfg = Debug|Any CPU
		{189D1488-A070-4845-9FC9-215A0EEC8281}.Debug|Any CPU.Build.0 = Debug|Any CPU
		{189D1488-A070-4845-9FC9-215A0EEC8281}.Release|Any CPU.ActiveCfg = Release|Any CPU
		{189D1488-A070-4845-9FC9-215A0EEC8281}.Release|Any CPU.Build.0 = Release|Any CPU
		{A48AD3BF-2AF1-47B9-A3B0-67BD2FDBAC9C}.Debug|Any CPU.ActiveCfg = Debug|Any CPU
		{A48AD3BF-2AF1-47B9-A3B0-67BD2FDBAC9C}.Debug|Any CPU.Build.0 = Debug|Any CPU
		{A48AD3BF-2AF1-47B9-A3B0-67BD2FDBAC9C}.Release|Any CPU.ActiveCfg = Release|Any CPU
		{A48AD3BF-2AF1-47B9-A3B0-67BD2FDBAC9C}.Release|Any CPU.Build.0 = Release|Any CPU
		{65DA5D83-2058-43B2-AA91-A8736A890D83}.Debug|Any CPU.ActiveCfg = Debug|Any CPU
		{65DA5D83-2058-43B2-AA91-A8736A890D83}.Debug|Any CPU.Build.0 = Debug|Any CPU
		{65DA5D83-2058-43B2-AA91-A8736A890D83}.Release|Any CPU.ActiveCfg = Release|Any CPU
		{65DA5D83-2058-43B2-AA91-A8736A890D83}.Release|Any CPU.Build.0 = Release|Any CPU
		{2E0C8F47-0C1E-4D53-8743-D4F9940C840B}.Debug|Any CPU.ActiveCfg = Debug|Any CPU
		{2E0C8F47-0C1E-4D53-8743-D4F9940C840B}.Debug|Any CPU.Build.0 = Debug|Any CPU
		{2E0C8F47-0C1E-4D53-8743-D4F9940C840B}.Release|Any CPU.ActiveCfg = Release|Any CPU
		{2E0C8F47-0C1E-4D53-8743-D4F9940C840B}.Release|Any CPU.Build.0 = Release|Any CPU
		{0480EB00-4B80-4AF6-9E97-709ADA65CCDF}.Debug|Any CPU.ActiveCfg = Debug|Any CPU
		{0480EB00-4B80-4AF6-9E97-709ADA65CCDF}.Debug|Any CPU.Build.0 = Debug|Any CPU
		{0480EB00-4B80-4AF6-9E97-709ADA65CCDF}.Release|Any CPU.ActiveCfg = Release|Any CPU
		{0480EB00-4B80-4AF6-9E97-709ADA65CCDF}.Release|Any CPU.Build.0 = Release|Any CPU
	EndGlobalSection
	GlobalSection(SolutionProperties) = preSolution
		HideSolutionNode = FALSE
	EndGlobalSection
	GlobalSection(NestedProjects) = preSolution
		{E999EF70-5765-41D4-B1B8-AFEEF71782EF} = {CA24144A-2250-4FFC-BBC2-7B70A736E677}
		{189D1488-A070-4845-9FC9-215A0EEC8281} = {E17630B3-7889-4DDC-B928-73C0C6208885}
		{E17630B3-7889-4DDC-B928-73C0C6208885} = {353B1ADB-4A21-4554-9564-3619617350C3}
		{CA24144A-2250-4FFC-BBC2-7B70A736E677} = {353B1ADB-4A21-4554-9564-3619617350C3}
		{6112288A-CF41-4BDB-8E4F-88D8E693FB60} = {353B1ADB-4A21-4554-9564-3619617350C3}
		{A0EEB5C1-1613-4B7C-8B0A-11E6FDBF8877} = {353B1ADB-4A21-4554-9564-3619617350C3}
		{AD110541-F96C-42A7-A6B0-C9F0AD901E92} = {353B1ADB-4A21-4554-9564-3619617350C3}
		{A48AD3BF-2AF1-47B9-A3B0-67BD2FDBAC9C} = {A0EEB5C1-1613-4B7C-8B0A-11E6FDBF8877}
		{65DA5D83-2058-43B2-AA91-A8736A890D83} = {AD110541-F96C-42A7-A6B0-C9F0AD901E92}
		{2E0C8F47-0C1E-4D53-8743-D4F9940C840B} = {6112288A-CF41-4BDB-8E4F-88D8E693FB60}
		{6BC104E6-2D37-421D-BDC1-56ABB1981D99} = {353B1ADB-4A21-4554-9564-3619617350C3}
		{0480EB00-4B80-4AF6-9E97-709ADA65CCDF} = {6BC104E6-2D37-421D-BDC1-56ABB1981D99}
	EndGlobalSection
	GlobalSection(ExtensibilityGlobals) = postSolution
		SolutionGuid = {5E7802FD-AFDC-4A83-9AA5-A25B2B8D24F6}
	EndGlobalSection
EndGlobal
