
Microsoft Visual Studio Solution File, Format Version 12.00
# Visual Studio Version 17
VisualStudioVersion = 17.10.35027.167
MinimumVisualStudioVersion = 10.0.40219.1
Project("{2150E333-8FDC-42A3-9474-1A3956D46DE8}") = "Sources", "Sources", "{353B1ADB-4A21-4554-9564-3619617350C3}"
EndProject
Project("{2150E333-8FDC-42A3-9474-1A3956D46DE8}") = "Tests", "Tests", "{5904B53D-838F-4CAA-B226-0023AE452317}"
EndProject
Project("{2150E333-8FDC-42A3-9474-1A3956D46DE8}") = "Documents", "Documents", "{4F837805-AC2F-4846-A4A1-512DEAC84B21}"
EndProject
Project("{2150E333-8FDC-42A3-9474-1A3956D46DE8}") = "SolutionItems", "SolutionItems", "{30485D2F-0294-43B1-A637-58C77D344BE6}"
EndProject
Project("{9A19103F-16F7-4668-BE54-9A1E7A4F7556}") = "BeautyLand.Domain", "BeautyLand.Domain\BeautyLand.Domain.csproj", "{E999EF70-5765-41D4-B1B8-AFEEF71782EF}"
EndProject
Project("{9A19103F-16F7-4668-BE54-9A1E7A4F7556}") = "BeautyLand.Application", "BeautyLand.Application\BeautyLand.Application.csproj", "{189D1488-A070-4845-9FC9-215A0EEC8281}"
EndProject
Project("{2150E333-8FDC-42A3-9474-1A3956D46DE8}") = "Application", "Application", "{E17630B3-7889-4DDC-B928-73C0C6208885}"
EndProject
Project("{2150E333-8FDC-42A3-9474-1A3956D46DE8}") = "Domain", "Domain", "{CA24144A-2250-4FFC-BBC2-7B70A736E677}"
EndProject
Project("{2150E333-8FDC-42A3-9474-1A3956D46DE8}") = "Presentation", "Presentation", "{6112288A-CF41-4BDB-8E4F-88D8E693FB60}"
EndProject
Project("{2150E333-8FDC-42A3-9474-1A3956D46DE8}") = "Infrastructure", "Infrastructure", "{A0EEB5C1-1613-4B7C-8B0A-11E6FDBF8877}"
EndProject
Project("{2150E333-8FDC-42A3-9474-1A3956D46DE8}") = "Persistence", "Persistence", "{AD110541-F96C-42A7-A6B0-C9F0AD901E92}"
EndProject
Project("{9A19103F-16F7-4668-BE54-9A1E7A4F7556}") = "BeautyLand.Infrastructure", "BeautyLand.Infrastructure\BeautyLand.Infrastructure.csproj", "{A48AD3BF-2AF1-47B9-A3B0-67BD2FDBAC9C}"
EndProject
Project("{9A19103F-16F7-4668-BE54-9A1E7A4F7556}") = "BeautyLand.Persistence", "BeautyLand.Persistence\BeautyLand.Persistence.csproj", "{65DA5D83-2058-43B2-AA91-A8736A890D83}"
EndProject
Project("{2150E333-8FDC-42A3-9474-1A3956D46DE8}") = "Component(Service)Test", "Component(Service)Test", "{EDB13E1A-E696-451C-9916-CA37A2278566}"
EndProject
Project("{2150E333-8FDC-42A3-9474-1A3956D46DE8}") = "Presentation", "Presentation", "{F081116F-C8D4-433F-A9B8-DE727F49CFA6}"
EndProject
Project("{2150E333-8FDC-42A3-9474-1A3956D46DE8}") = "IntegrationTest", "IntegrationTest", "{36785A7A-7164-489F-B73E-E78A0EEFD985}"
EndProject
Project("{9A19103F-16F7-4668-BE54-9A1E7A4F7556}") = "BeautyLand.ApplicationIntegrationTest", "BeautyLand.ApplicationIntegrationTest\BeautyLand.ApplicationIntegrationTest.csproj", "{C821D6DE-13C9-4FC4-93CE-1C5887579835}"
EndProject
Project("{2150E333-8FDC-42A3-9474-1A3956D46DE8}") = "UnitTest", "UnitTest", "{EBFD52A0-C024-456C-A518-B149B8C91BDE}"
EndProject
Project("{2150E333-8FDC-42A3-9474-1A3956D46DE8}") = "Domain", "Domain", "{D45DD529-33F0-473B-BCF7-711487B81EFA}"
EndProject
Project("{9A19103F-16F7-4668-BE54-9A1E7A4F7556}") = "BeautyLand.DomainUnitTest", "BeautyLand.DomainUnitTest\BeautyLand.DomainUnitTest.csproj", "{E5A8E1E2-35B0-421F-8368-1F8A8DAABAAB}"
EndProject
Project("{2150E333-8FDC-42A3-9474-1A3956D46DE8}") = "Presentation", "Presentation", "{543ADE39-7ED2-4DA4-A485-5FD7EE16F63B}"
EndProject
Project("{2150E333-8FDC-42A3-9474-1A3956D46DE8}") = "ContractTest", "ContractTest", "{4D0E2ABE-7441-454E-BCCE-EBC471A07AC0}"
EndProject
Project("{9A19103F-16F7-4668-BE54-9A1E7A4F7556}") = "BeautyLand.ApplicationContractsTest", "BeautyLand.ApplicationConteractsTest\BeautyLand.ApplicationContractsTest.csproj", "{01E9D59A-7526-49EE-92FA-0C953F7B5410}"
EndProject
Project("{9A19103F-16F7-4668-BE54-9A1E7A4F7556}") = "BeautyLand.CatalogSiteEndPoint", "BeautyLand.CatalogSiteEndPoint\BeautyLand.CatalogSiteEndPoint.csproj", "{F8266E0C-39C2-43FF-A8D2-2A30699B0F38}"
EndProject
Project("{9A19103F-16F7-4668-BE54-9A1E7A4F7556}") = "BeautyLand.CatalogSiteEndPointComponentsTest", "BeautyLand.CatalogSiteEndPointComponentsTest\BeautyLand.CatalogSiteEndPointComponentsTest.csproj", "{08FFDFC9-4375-4E56-9EAE-7A07AFB7C36E}"
EndProject
Project("{9A19103F-16F7-4668-BE54-9A1E7A4F7556}") = "BeautyLand.CatalogSiteEndPointUnitTest", "BeautyLand.CatalogSiteEndPointUnitTest\BeautyLand.CatalogSiteEndPointUnitTest.csproj", "{F9371FE1-7621-453A-95AA-6673A42B10D5}"
EndProject
Global
	GlobalSection(SolutionConfigurationPlatforms) = preSolution
		Debug|Any CPU = Debug|Any CPU
		Release|Any CPU = Release|Any CPU
	EndGlobalSection
	GlobalSection(ProjectConfigurationPlatforms) = postSolution
		{E999EF70-5765-41D4-B1B8-AFEEF71782EF}.Debug|Any CPU.ActiveCfg = Debug|Any CPU
		{E999EF70-5765-41D4-B1B8-AFEEF71782EF}.Debug|Any CPU.Build.0 = Debug|Any CPU
		{E999EF70-5765-41D4-B1B8-AFEEF71782EF}.Release|Any CPU.ActiveCfg = Release|Any CPU
		{E999EF70-5765-41D4-B1B8-AFEEF71782EF}.Release|Any CPU.Build.0 = Release|Any CPU
		{189D1488-A070-4845-9FC9-215A0EEC8281}.Debug|Any CPU.ActiveCfg = Debug|Any CPU
		{189D1488-A070-4845-9FC9-215A0EEC8281}.Debug|Any CPU.Build.0 = Debug|Any CPU
		{189D1488-A070-4845-9FC9-215A0EEC8281}.Release|Any CPU.ActiveCfg = Release|Any CPU
		{189D1488-A070-4845-9FC9-215A0EEC8281}.Release|Any CPU.Build.0 = Release|Any CPU
		{A48AD3BF-2AF1-47B9-A3B0-67BD2FDBAC9C}.Debug|Any CPU.ActiveCfg = Debug|Any CPU
		{A48AD3BF-2AF1-47B9-A3B0-67BD2FDBAC9C}.Debug|Any CPU.Build.0 = Debug|Any CPU
		{A48AD3BF-2AF1-47B9-A3B0-67BD2FDBAC9C}.Release|Any CPU.ActiveCfg = Release|Any CPU
		{A48AD3BF-2AF1-47B9-A3B0-67BD2FDBAC9C}.Release|Any CPU.Build.0 = Release|Any CPU
		{65DA5D83-2058-43B2-AA91-A8736A890D83}.Debug|Any CPU.ActiveCfg = Debug|Any CPU
		{65DA5D83-2058-43B2-AA91-A8736A890D83}.Debug|Any CPU.Build.0 = Debug|Any CPU
		{65DA5D83-2058-43B2-AA91-A8736A890D83}.Release|Any CPU.ActiveCfg = Release|Any CPU
		{65DA5D83-2058-43B2-AA91-A8736A890D83}.Release|Any CPU.Build.0 = Release|Any CPU
		{C821D6DE-13C9-4FC4-93CE-1C5887579835}.Debug|Any CPU.ActiveCfg = Debug|Any CPU
		{C821D6DE-13C9-4FC4-93CE-1C5887579835}.Debug|Any CPU.Build.0 = Debug|Any CPU
		{C821D6DE-13C9-4FC4-93CE-1C5887579835}.Release|Any CPU.ActiveCfg = Release|Any CPU
		{C821D6DE-13C9-4FC4-93CE-1C5887579835}.Release|Any CPU.Build.0 = Release|Any CPU
		{E5A8E1E2-35B0-421F-8368-1F8A8DAABAAB}.Debug|Any CPU.ActiveCfg = Debug|Any CPU
		{E5A8E1E2-35B0-421F-8368-1F8A8DAABAAB}.Debug|Any CPU.Build.0 = Debug|Any CPU
		{E5A8E1E2-35B0-421F-8368-1F8A8DAABAAB}.Release|Any CPU.ActiveCfg = Release|Any CPU
		{E5A8E1E2-35B0-421F-8368-1F8A8DAABAAB}.Release|Any CPU.Build.0 = Release|Any CPU
		{01E9D59A-7526-49EE-92FA-0C953F7B5410}.Debug|Any CPU.ActiveCfg = Debug|Any CPU
		{01E9D59A-7526-49EE-92FA-0C953F7B5410}.Debug|Any CPU.Build.0 = Debug|Any CPU
		{01E9D59A-7526-49EE-92FA-0C953F7B5410}.Release|Any CPU.ActiveCfg = Release|Any CPU
		{01E9D59A-7526-49EE-92FA-0C953F7B5410}.Release|Any CPU.Build.0 = Release|Any CPU
		{F8266E0C-39C2-43FF-A8D2-2A30699B0F38}.Debug|Any CPU.ActiveCfg = Debug|Any CPU
		{F8266E0C-39C2-43FF-A8D2-2A30699B0F38}.Debug|Any CPU.Build.0 = Debug|Any CPU
		{F8266E0C-39C2-43FF-A8D2-2A30699B0F38}.Release|Any CPU.ActiveCfg = Release|Any CPU
		{F8266E0C-39C2-43FF-A8D2-2A30699B0F38}.Release|Any CPU.Build.0 = Release|Any CPU
		{08FFDFC9-4375-4E56-9EAE-7A07AFB7C36E}.Debug|Any CPU.ActiveCfg = Debug|Any CPU
		{08FFDFC9-4375-4E56-9EAE-7A07AFB7C36E}.Debug|Any CPU.Build.0 = Debug|Any CPU
		{08FFDFC9-4375-4E56-9EAE-7A07AFB7C36E}.Release|Any CPU.ActiveCfg = Release|Any CPU
		{08FFDFC9-4375-4E56-9EAE-7A07AFB7C36E}.Release|Any CPU.Build.0 = Release|Any CPU
		{F9371FE1-7621-453A-95AA-6673A42B10D5}.Debug|Any CPU.ActiveCfg = Debug|Any CPU
		{F9371FE1-7621-453A-95AA-6673A42B10D5}.Debug|Any CPU.Build.0 = Debug|Any CPU
		{F9371FE1-7621-453A-95AA-6673A42B10D5}.Release|Any CPU.ActiveCfg = Release|Any CPU
		{F9371FE1-7621-453A-95AA-6673A42B10D5}.Release|Any CPU.Build.0 = Release|Any CPU
	EndGlobalSection
	GlobalSection(SolutionProperties) = preSolution
		HideSolutionNode = FALSE
	EndGlobalSection
	GlobalSection(NestedProjects) = preSolution
		{E999EF70-5765-41D4-B1B8-AFEEF71782EF} = {CA24144A-2250-4FFC-BBC2-7B70A736E677}
		{189D1488-A070-4845-9FC9-215A0EEC8281} = {E17630B3-7889-4DDC-B928-73C0C6208885}
		{E17630B3-7889-4DDC-B928-73C0C6208885} = {353B1ADB-4A21-4554-9564-3619617350C3}
		{CA24144A-2250-4FFC-BBC2-7B70A736E677} = {353B1ADB-4A21-4554-9564-3619617350C3}
		{6112288A-CF41-4BDB-8E4F-88D8E693FB60} = {353B1ADB-4A21-4554-9564-3619617350C3}
		{A0EEB5C1-1613-4B7C-8B0A-11E6FDBF8877} = {353B1ADB-4A21-4554-9564-3619617350C3}
		{AD110541-F96C-42A7-A6B0-C9F0AD901E92} = {353B1ADB-4A21-4554-9564-3619617350C3}
		{A48AD3BF-2AF1-47B9-A3B0-67BD2FDBAC9C} = {A0EEB5C1-1613-4B7C-8B0A-11E6FDBF8877}
		{65DA5D83-2058-43B2-AA91-A8736A890D83} = {AD110541-F96C-42A7-A6B0-C9F0AD901E92}
		{EDB13E1A-E696-451C-9916-CA37A2278566} = {5904B53D-838F-4CAA-B226-0023AE452317}
		{F081116F-C8D4-433F-A9B8-DE727F49CFA6} = {EDB13E1A-E696-451C-9916-CA37A2278566}
		{36785A7A-7164-489F-B73E-E78A0EEFD985} = {5904B53D-838F-4CAA-B226-0023AE452317}
		{C821D6DE-13C9-4FC4-93CE-1C5887579835} = {36785A7A-7164-489F-B73E-E78A0EEFD985}
		{EBFD52A0-C024-456C-A518-B149B8C91BDE} = {5904B53D-838F-4CAA-B226-0023AE452317}
		{D45DD529-33F0-473B-BCF7-711487B81EFA} = {EBFD52A0-C024-456C-A518-B149B8C91BDE}
		{E5A8E1E2-35B0-421F-8368-1F8A8DAABAAB} = {D45DD529-33F0-473B-BCF7-711487B81EFA}
		{543ADE39-7ED2-4DA4-A485-5FD7EE16F63B} = {EBFD52A0-C024-456C-A518-B149B8C91BDE}
		{4D0E2ABE-7441-454E-BCCE-EBC471A07AC0} = {5904B53D-838F-4CAA-B226-0023AE452317}
		{01E9D59A-7526-49EE-92FA-0C953F7B5410} = {4D0E2ABE-7441-454E-BCCE-EBC471A07AC0}
		{F8266E0C-39C2-43FF-A8D2-2A30699B0F38} = {6112288A-CF41-4BDB-8E4F-88D8E693FB60}
		{08FFDFC9-4375-4E56-9EAE-7A07AFB7C36E} = {F081116F-C8D4-433F-A9B8-DE727F49CFA6}
		{F9371FE1-7621-453A-95AA-6673A42B10D5} = {543ADE39-7ED2-4DA4-A485-5FD7EE16F63B}
	EndGlobalSection
	GlobalSection(ExtensibilityGlobals) = postSolution
		SolutionGuid = {5E7802FD-AFDC-4A83-9AA5-A25B2B8D24F6}
	EndGlobalSection
EndGlobal
